// !$*UTF8*$!
{
	archiveVersion = 1;
	classes = {
	};
	objectVersion = 46;
	objects = {

/* Begin PBXBuildFile section */
		13B07FBC1A68108700A75B9A /* AppDelegate.m in Sources */ = {isa = PBXBuildFile; fileRef = 13B07FB01A68108700A75B9A /* AppDelegate.m */; };
		13B07FBD1A68108700A75B9A /* LaunchScreen.xib in Resources */ = {isa = PBXBuildFile; fileRef = 13B07FB11A68108700A75B9A /* LaunchScreen.xib */; };
		13B07FBF1A68108700A75B9A /* Images.xcassets in Resources */ = {isa = PBXBuildFile; fileRef = 13B07FB51A68108700A75B9A /* Images.xcassets */; };
		13B07FC11A68108700A75B9A /* main.m in Sources */ = {isa = PBXBuildFile; fileRef = 13B07FB71A68108700A75B9A /* main.m */; };
		1ACD10BF2A4A4ADE98CEA9D1 /* rubicon-icon-font.ttf in Resources */ = {isa = PBXBuildFile; fileRef = E957289628384B6DA8F9321B /* rubicon-icon-font.ttf */; };
		A23E10F524325FC10010D3D1 /* Fontisto.ttf in Resources */ = {isa = PBXBuildFile; fileRef = A23E10E524325FC00010D3D1 /* Fontisto.ttf */; };
		A23E10F624325FC10010D3D1 /* Octicons.ttf in Resources */ = {isa = PBXBuildFile; fileRef = A23E10E624325FC00010D3D1 /* Octicons.ttf */; };
		A23E10F724325FC10010D3D1 /* Feather.ttf in Resources */ = {isa = PBXBuildFile; fileRef = A23E10E724325FC00010D3D1 /* Feather.ttf */; };
		A23E10F824325FC10010D3D1 /* Entypo.ttf in Resources */ = {isa = PBXBuildFile; fileRef = A23E10E824325FC00010D3D1 /* Entypo.ttf */; };
		A23E10F924325FC10010D3D1 /* FontAwesome5_Brands.ttf in Resources */ = {isa = PBXBuildFile; fileRef = A23E10E924325FC00010D3D1 /* FontAwesome5_Brands.ttf */; };
		A23E10FA24325FC10010D3D1 /* MaterialCommunityIcons.ttf in Resources */ = {isa = PBXBuildFile; fileRef = A23E10EA24325FC00010D3D1 /* MaterialCommunityIcons.ttf */; };
		A23E10FB24325FC10010D3D1 /* AntDesign.ttf in Resources */ = {isa = PBXBuildFile; fileRef = A23E10EB24325FC00010D3D1 /* AntDesign.ttf */; };
		A23E10FC24325FC10010D3D1 /* Foundation.ttf in Resources */ = {isa = PBXBuildFile; fileRef = A23E10EC24325FC00010D3D1 /* Foundation.ttf */; };
		A23E10FD24325FC10010D3D1 /* Ionicons.ttf in Resources */ = {isa = PBXBuildFile; fileRef = A23E10ED24325FC00010D3D1 /* Ionicons.ttf */; };
		A23E10FE24325FC10010D3D1 /* FontAwesome5_Solid.ttf in Resources */ = {isa = PBXBuildFile; fileRef = A23E10EE24325FC00010D3D1 /* FontAwesome5_Solid.ttf */; };
		A23E10FF24325FC10010D3D1 /* FontAwesome5_Regular.ttf in Resources */ = {isa = PBXBuildFile; fileRef = A23E10EF24325FC00010D3D1 /* FontAwesome5_Regular.ttf */; };
		A23E110024325FC10010D3D1 /* FontAwesome.ttf in Resources */ = {isa = PBXBuildFile; fileRef = A23E10F024325FC00010D3D1 /* FontAwesome.ttf */; };
		A23E110124325FC10010D3D1 /* Zocial.ttf in Resources */ = {isa = PBXBuildFile; fileRef = A23E10F124325FC00010D3D1 /* Zocial.ttf */; };
		A23E110224325FC10010D3D1 /* EvilIcons.ttf in Resources */ = {isa = PBXBuildFile; fileRef = A23E10F224325FC10010D3D1 /* EvilIcons.ttf */; };
		A23E110324325FC10010D3D1 /* SimpleLineIcons.ttf in Resources */ = {isa = PBXBuildFile; fileRef = A23E10F324325FC10010D3D1 /* SimpleLineIcons.ttf */; };
		A23E110424325FC10010D3D1 /* MaterialIcons.ttf in Resources */ = {isa = PBXBuildFile; fileRef = A23E10F424325FC10010D3D1 /* MaterialIcons.ttf */; };
		A963ECA23CD94ADBA4A17594 /* Roboto.ttf in Resources */ = {isa = PBXBuildFile; fileRef = 202E61D8839A43A888614534 /* Roboto.ttf */; };
		C14C51D1A4954269974A88EE /* Roboto_medium.ttf in Resources */ = {isa = PBXBuildFile; fileRef = DD744AADBC094223BCA009F3 /* Roboto_medium.ttf */; };
		CD47E03CBE09BE2C43CC7610 /* libPods-HostelApp.a in Frameworks */ = {isa = PBXBuildFile; fileRef = 87ED51A87966EB5B5F8B60C2 /* libPods-HostelApp.a */; };
/* End PBXBuildFile section */

/* Begin PBXFileReference section */
		008F07F21AC5B25A0029DE68 /* main.jsbundle */ = {isa = PBXFileReference; fileEncoding = 4; lastKnownFileType = text; path = main.jsbundle; sourceTree = "<group>"; };
		00E356F11AD99517003FC87E /* Info.plist */ = {isa = PBXFileReference; lastKnownFileType = text.plist.xml; path = Info.plist; sourceTree = "<group>"; };
		00E356F21AD99517003FC87E /* HostelAppTests.m */ = {isa = PBXFileReference; lastKnownFileType = sourcecode.c.objc; path = HostelAppTests.m; sourceTree = "<group>"; };
		1271A1E7A87D46138171BCF6 /* Fontisto.ttf */ = {isa = PBXFileReference; explicitFileType = undefined; fileEncoding = 9; includeInIndex = 0; lastKnownFileType = unknown; name = Fontisto.ttf; path = "../node_modules/native-base/Fonts/Fontisto.ttf"; sourceTree = "<group>"; };
		13B07F961A680F5B00A75B9A /* HostelApp.app */ = {isa = PBXFileReference; explicitFileType = wrapper.application; includeInIndex = 0; path = HostelApp.app; sourceTree = BUILT_PRODUCTS_DIR; };
		13B07FAF1A68108700A75B9A /* AppDelegate.h */ = {isa = PBXFileReference; fileEncoding = 4; lastKnownFileType = sourcecode.c.h; name = AppDelegate.h; path = HostelApp/AppDelegate.h; sourceTree = "<group>"; };
		13B07FB01A68108700A75B9A /* AppDelegate.m */ = {isa = PBXFileReference; fileEncoding = 4; lastKnownFileType = sourcecode.c.objc; name = AppDelegate.m; path = HostelApp/AppDelegate.m; sourceTree = "<group>"; };
		13B07FB21A68108700A75B9A /* Base */ = {isa = PBXFileReference; lastKnownFileType = file.xib; name = Base; path = Base.lproj/LaunchScreen.xib; sourceTree = "<group>"; };
		13B07FB51A68108700A75B9A /* Images.xcassets */ = {isa = PBXFileReference; lastKnownFileType = folder.assetcatalog; name = Images.xcassets; path = HostelApp/Images.xcassets; sourceTree = "<group>"; };
		13B07FB61A68108700A75B9A /* Info.plist */ = {isa = PBXFileReference; fileEncoding = 4; lastKnownFileType = text.plist.xml; name = Info.plist; path = HostelApp/Info.plist; sourceTree = "<group>"; };
		13B07FB71A68108700A75B9A /* main.m */ = {isa = PBXFileReference; fileEncoding = 4; lastKnownFileType = sourcecode.c.objc; name = main.m; path = HostelApp/main.m; sourceTree = "<group>"; };
		202E61D8839A43A888614534 /* Roboto.ttf */ = {isa = PBXFileReference; explicitFileType = undefined; fileEncoding = 9; includeInIndex = 0; lastKnownFileType = unknown; name = Roboto.ttf; path = "../node_modules/native-base/Fonts/Roboto.ttf"; sourceTree = "<group>"; };
		2B9917CD87124E57AC8A0B8E /* Ionicons.ttf */ = {isa = PBXFileReference; explicitFileType = undefined; fileEncoding = 9; includeInIndex = 0; lastKnownFileType = unknown; name = Ionicons.ttf; path = "../node_modules/native-base/Fonts/Ionicons.ttf"; sourceTree = "<group>"; };
		2BEF6CE085C14CDD8D3920E8 /* MaterialIcons.ttf */ = {isa = PBXFileReference; explicitFileType = undefined; fileEncoding = 9; includeInIndex = 0; lastKnownFileType = unknown; name = MaterialIcons.ttf; path = "../node_modules/native-base/Fonts/MaterialIcons.ttf"; sourceTree = "<group>"; };
		33A5E7F5D49D6F95887E7D06 /* Pods-HostelApp-tvOSTests.release.xcconfig */ = {isa = PBXFileReference; includeInIndex = 1; lastKnownFileType = text.xcconfig; name = "Pods-HostelApp-tvOSTests.release.xcconfig"; path = "Target Support Files/Pods-HostelApp-tvOSTests/Pods-HostelApp-tvOSTests.release.xcconfig"; sourceTree = "<group>"; };
		341E935BC06A373DD4FEB1CB /* Pods-HostelApp-tvOS.release.xcconfig */ = {isa = PBXFileReference; includeInIndex = 1; lastKnownFileType = text.xcconfig; name = "Pods-HostelApp-tvOS.release.xcconfig"; path = "Target Support Files/Pods-HostelApp-tvOS/Pods-HostelApp-tvOS.release.xcconfig"; sourceTree = "<group>"; };
		409227EFA2E640C2BC62E834 /* Entypo.ttf */ = {isa = PBXFileReference; explicitFileType = undefined; fileEncoding = 9; includeInIndex = 0; lastKnownFileType = unknown; name = Entypo.ttf; path = "../node_modules/native-base/Fonts/Entypo.ttf"; sourceTree = "<group>"; };
		438A3BF039A74DA1BB5C7374 /* FontAwesome5_Brands.ttf */ = {isa = PBXFileReference; explicitFileType = undefined; fileEncoding = 9; includeInIndex = 0; lastKnownFileType = unknown; name = FontAwesome5_Brands.ttf; path = "../node_modules/native-base/Fonts/FontAwesome5_Brands.ttf"; sourceTree = "<group>"; };
		47A9F258B54A4BFE86B61B3B /* Zocial.ttf */ = {isa = PBXFileReference; explicitFileType = undefined; fileEncoding = 9; includeInIndex = 0; lastKnownFileType = unknown; name = Zocial.ttf; path = "../node_modules/native-base/Fonts/Zocial.ttf"; sourceTree = "<group>"; };
		5A366F890A3C46FF899BDC24 /* FontAwesome.ttf */ = {isa = PBXFileReference; explicitFileType = undefined; fileEncoding = 9; includeInIndex = 0; lastKnownFileType = unknown; name = FontAwesome.ttf; path = "../node_modules/native-base/Fonts/FontAwesome.ttf"; sourceTree = "<group>"; };
		7D170CADC146B136ADBD82D2 /* libPods-HostelApp-tvOS.a */ = {isa = PBXFileReference; explicitFileType = archive.ar; includeInIndex = 0; path = "libPods-HostelApp-tvOS.a"; sourceTree = BUILT_PRODUCTS_DIR; };
		7D5DAF0178854533A327A43D /* FontAwesome5_Regular.ttf */ = {isa = PBXFileReference; explicitFileType = undefined; fileEncoding = 9; includeInIndex = 0; lastKnownFileType = unknown; name = FontAwesome5_Regular.ttf; path = "../node_modules/native-base/Fonts/FontAwesome5_Regular.ttf"; sourceTree = "<group>"; };
		8518382294C46642AFCDABDB /* libPods-HostelAppTests.a */ = {isa = PBXFileReference; explicitFileType = archive.ar; includeInIndex = 0; path = "libPods-HostelAppTests.a"; sourceTree = BUILT_PRODUCTS_DIR; };
		87ED51A87966EB5B5F8B60C2 /* libPods-HostelApp.a */ = {isa = PBXFileReference; explicitFileType = archive.ar; includeInIndex = 0; path = "libPods-HostelApp.a"; sourceTree = BUILT_PRODUCTS_DIR; };
		95363120341D4FEB82E8A3F5 /* FontAwesome5_Solid.ttf */ = {isa = PBXFileReference; explicitFileType = undefined; fileEncoding = 9; includeInIndex = 0; lastKnownFileType = unknown; name = FontAwesome5_Solid.ttf; path = "../node_modules/native-base/Fonts/FontAwesome5_Solid.ttf"; sourceTree = "<group>"; };
		9CB74DD464BFE178489B5433 /* Pods-HostelApp-tvOSTests.debug.xcconfig */ = {isa = PBXFileReference; includeInIndex = 1; lastKnownFileType = text.xcconfig; name = "Pods-HostelApp-tvOSTests.debug.xcconfig"; path = "Target Support Files/Pods-HostelApp-tvOSTests/Pods-HostelApp-tvOSTests.debug.xcconfig"; sourceTree = "<group>"; };
		A23E10E524325FC00010D3D1 /* Fontisto.ttf */ = {isa = PBXFileReference; lastKnownFileType = file; path = Fontisto.ttf; sourceTree = "<group>"; };
		A23E10E624325FC00010D3D1 /* Octicons.ttf */ = {isa = PBXFileReference; lastKnownFileType = file; path = Octicons.ttf; sourceTree = "<group>"; };
		A23E10E724325FC00010D3D1 /* Feather.ttf */ = {isa = PBXFileReference; lastKnownFileType = file; path = Feather.ttf; sourceTree = "<group>"; };
		A23E10E824325FC00010D3D1 /* Entypo.ttf */ = {isa = PBXFileReference; lastKnownFileType = file; path = Entypo.ttf; sourceTree = "<group>"; };
		A23E10E924325FC00010D3D1 /* FontAwesome5_Brands.ttf */ = {isa = PBXFileReference; lastKnownFileType = file; path = FontAwesome5_Brands.ttf; sourceTree = "<group>"; };
		A23E10EA24325FC00010D3D1 /* MaterialCommunityIcons.ttf */ = {isa = PBXFileReference; lastKnownFileType = file; path = MaterialCommunityIcons.ttf; sourceTree = "<group>"; };
		A23E10EB24325FC00010D3D1 /* AntDesign.ttf */ = {isa = PBXFileReference; lastKnownFileType = file; path = AntDesign.ttf; sourceTree = "<group>"; };
		A23E10EC24325FC00010D3D1 /* Foundation.ttf */ = {isa = PBXFileReference; lastKnownFileType = file; path = Foundation.ttf; sourceTree = "<group>"; };
		A23E10ED24325FC00010D3D1 /* Ionicons.ttf */ = {isa = PBXFileReference; lastKnownFileType = file; path = Ionicons.ttf; sourceTree = "<group>"; };
		A23E10EE24325FC00010D3D1 /* FontAwesome5_Solid.ttf */ = {isa = PBXFileReference; lastKnownFileType = file; path = FontAwesome5_Solid.ttf; sourceTree = "<group>"; };
		A23E10EF24325FC00010D3D1 /* FontAwesome5_Regular.ttf */ = {isa = PBXFileReference; lastKnownFileType = file; path = FontAwesome5_Regular.ttf; sourceTree = "<group>"; };
		A23E10F024325FC00010D3D1 /* FontAwesome.ttf */ = {isa = PBXFileReference; lastKnownFileType = file; path = FontAwesome.ttf; sourceTree = "<group>"; };
		A23E10F124325FC00010D3D1 /* Zocial.ttf */ = {isa = PBXFileReference; lastKnownFileType = file; path = Zocial.ttf; sourceTree = "<group>"; };
		A23E10F224325FC10010D3D1 /* EvilIcons.ttf */ = {isa = PBXFileReference; lastKnownFileType = file; path = EvilIcons.ttf; sourceTree = "<group>"; };
		A23E10F324325FC10010D3D1 /* SimpleLineIcons.ttf */ = {isa = PBXFileReference; lastKnownFileType = file; path = SimpleLineIcons.ttf; sourceTree = "<group>"; };
		A23E10F424325FC10010D3D1 /* MaterialIcons.ttf */ = {isa = PBXFileReference; lastKnownFileType = file; path = MaterialIcons.ttf; sourceTree = "<group>"; };
		A26FB0DA243E7123006FE6E9 /* HostelAppRelease.entitlements */ = {isa = PBXFileReference; lastKnownFileType = text.plist.entitlements; name = HostelAppRelease.entitlements; path = HostelApp/HostelAppRelease.entitlements; sourceTree = "<group>"; };
		A97A4E0557304ABC060C6391 /* Pods-HostelAppTests.release.xcconfig */ = {isa = PBXFileReference; includeInIndex = 1; lastKnownFileType = text.xcconfig; name = "Pods-HostelAppTests.release.xcconfig"; path = "Target Support Files/Pods-HostelAppTests/Pods-HostelAppTests.release.xcconfig"; sourceTree = "<group>"; };
		AB65D528FD1A4757ABBE451D /* MaterialCommunityIcons.ttf */ = {isa = PBXFileReference; explicitFileType = undefined; fileEncoding = 9; includeInIndex = 0; lastKnownFileType = unknown; name = MaterialCommunityIcons.ttf; path = "../node_modules/native-base/Fonts/MaterialCommunityIcons.ttf"; sourceTree = "<group>"; };
		C25FBA84A36448A581EF605A /* Foundation.ttf */ = {isa = PBXFileReference; explicitFileType = undefined; fileEncoding = 9; includeInIndex = 0; lastKnownFileType = unknown; name = Foundation.ttf; path = "../node_modules/native-base/Fonts/Foundation.ttf"; sourceTree = "<group>"; };
		CBE829880F7841DD8CC4A58C /* SimpleLineIcons.ttf */ = {isa = PBXFileReference; explicitFileType = undefined; fileEncoding = 9; includeInIndex = 0; lastKnownFileType = unknown; name = SimpleLineIcons.ttf; path = "../node_modules/native-base/Fonts/SimpleLineIcons.ttf"; sourceTree = "<group>"; };
		D6A5387DE4C04091AE262209 /* AntDesign.ttf */ = {isa = PBXFileReference; explicitFileType = undefined; fileEncoding = 9; includeInIndex = 0; lastKnownFileType = unknown; name = AntDesign.ttf; path = "../node_modules/native-base/Fonts/AntDesign.ttf"; sourceTree = "<group>"; };
		D7CBE4C574C1133E6A0A3A14 /* Pods-HostelApp.release.xcconfig */ = {isa = PBXFileReference; includeInIndex = 1; lastKnownFileType = text.xcconfig; name = "Pods-HostelApp.release.xcconfig"; path = "Target Support Files/Pods-HostelApp/Pods-HostelApp.release.xcconfig"; sourceTree = "<group>"; };
		DD744AADBC094223BCA009F3 /* Roboto_medium.ttf */ = {isa = PBXFileReference; explicitFileType = undefined; fileEncoding = 9; includeInIndex = 0; lastKnownFileType = unknown; name = Roboto_medium.ttf; path = "../node_modules/native-base/Fonts/Roboto_medium.ttf"; sourceTree = "<group>"; };
		DED29041650E0BF33FA14E25 /* libPods-HostelApp-tvOSTests.a */ = {isa = PBXFileReference; explicitFileType = archive.ar; includeInIndex = 0; path = "libPods-HostelApp-tvOSTests.a"; sourceTree = BUILT_PRODUCTS_DIR; };
		E48BA9E0E5F47476845B09DE /* Pods-HostelApp-tvOS.debug.xcconfig */ = {isa = PBXFileReference; includeInIndex = 1; lastKnownFileType = text.xcconfig; name = "Pods-HostelApp-tvOS.debug.xcconfig"; path = "Target Support Files/Pods-HostelApp-tvOS/Pods-HostelApp-tvOS.debug.xcconfig"; sourceTree = "<group>"; };
		E64B66759B0E4921843F84AC /* Feather.ttf */ = {isa = PBXFileReference; explicitFileType = undefined; fileEncoding = 9; includeInIndex = 0; lastKnownFileType = unknown; name = Feather.ttf; path = "../node_modules/native-base/Fonts/Feather.ttf"; sourceTree = "<group>"; };
		E760891A4FCE4835871FA9A1 /* EvilIcons.ttf */ = {isa = PBXFileReference; explicitFileType = undefined; fileEncoding = 9; includeInIndex = 0; lastKnownFileType = unknown; name = EvilIcons.ttf; path = "../node_modules/native-base/Fonts/EvilIcons.ttf"; sourceTree = "<group>"; };
		E93487C109114E449FA45986 /* Octicons.ttf */ = {isa = PBXFileReference; explicitFileType = undefined; fileEncoding = 9; includeInIndex = 0; lastKnownFileType = unknown; name = Octicons.ttf; path = "../node_modules/native-base/Fonts/Octicons.ttf"; sourceTree = "<group>"; };
		E957289628384B6DA8F9321B /* rubicon-icon-font.ttf */ = {isa = PBXFileReference; explicitFileType = undefined; fileEncoding = 9; includeInIndex = 0; lastKnownFileType = unknown; name = "rubicon-icon-font.ttf"; path = "../node_modules/native-base/Fonts/rubicon-icon-font.ttf"; sourceTree = "<group>"; };
		EB6A86484A6B6C6503825EC6 /* Pods-HostelAppTests.debug.xcconfig */ = {isa = PBXFileReference; includeInIndex = 1; lastKnownFileType = text.xcconfig; name = "Pods-HostelAppTests.debug.xcconfig"; path = "Target Support Files/Pods-HostelAppTests/Pods-HostelAppTests.debug.xcconfig"; sourceTree = "<group>"; };
		ED297162215061F000B7C4FE /* JavaScriptCore.framework */ = {isa = PBXFileReference; lastKnownFileType = wrapper.framework; name = JavaScriptCore.framework; path = System/Library/Frameworks/JavaScriptCore.framework; sourceTree = SDKROOT; };
		ED2971642150620600B7C4FE /* JavaScriptCore.framework */ = {isa = PBXFileReference; lastKnownFileType = wrapper.framework; name = JavaScriptCore.framework; path = Platforms/AppleTVOS.platform/Developer/SDKs/AppleTVOS12.0.sdk/System/Library/Frameworks/JavaScriptCore.framework; sourceTree = DEVELOPER_DIR; };
		FE29834A5672B4DC9E25DF8D /* Pods-HostelApp.debug.xcconfig */ = {isa = PBXFileReference; includeInIndex = 1; lastKnownFileType = text.xcconfig; name = "Pods-HostelApp.debug.xcconfig"; path = "Target Support Files/Pods-HostelApp/Pods-HostelApp.debug.xcconfig"; sourceTree = "<group>"; };
/* End PBXFileReference section */

/* Begin PBXFrameworksBuildPhase section */
		13B07F8C1A680F5B00A75B9A /* Frameworks */ = {
			isa = PBXFrameworksBuildPhase;
			buildActionMask = 2147483647;
			files = (
				CD47E03CBE09BE2C43CC7610 /* libPods-HostelApp.a in Frameworks */,
			);
			runOnlyForDeploymentPostprocessing = 0;
		};
/* End PBXFrameworksBuildPhase section */

/* Begin PBXGroup section */
		00E356EF1AD99517003FC87E /* HostelAppTests */ = {
			isa = PBXGroup;
			children = (
				00E356F21AD99517003FC87E /* HostelAppTests.m */,
				00E356F01AD99517003FC87E /* Supporting Files */,
			);
			path = HostelAppTests;
			sourceTree = "<group>";
		};
		00E356F01AD99517003FC87E /* Supporting Files */ = {
			isa = PBXGroup;
			children = (
				00E356F11AD99517003FC87E /* Info.plist */,
			);
			name = "Supporting Files";
			sourceTree = "<group>";
		};
		13B07FAE1A68108700A75B9A /* HostelApp */ = {
			isa = PBXGroup;
			children = (
				A26FB0DA243E7123006FE6E9 /* HostelAppRelease.entitlements */,
				008F07F21AC5B25A0029DE68 /* main.jsbundle */,
				13B07FAF1A68108700A75B9A /* AppDelegate.h */,
				13B07FB01A68108700A75B9A /* AppDelegate.m */,
				13B07FB51A68108700A75B9A /* Images.xcassets */,
				13B07FB61A68108700A75B9A /* Info.plist */,
				13B07FB11A68108700A75B9A /* LaunchScreen.xib */,
				13B07FB71A68108700A75B9A /* main.m */,
			);
			name = HostelApp;
			sourceTree = "<group>";
		};
		2D16E6871FA4F8E400B85C8A /* Frameworks */ = {
			isa = PBXGroup;
			children = (
				ED297162215061F000B7C4FE /* JavaScriptCore.framework */,
				ED2971642150620600B7C4FE /* JavaScriptCore.framework */,
				87ED51A87966EB5B5F8B60C2 /* libPods-HostelApp.a */,
				7D170CADC146B136ADBD82D2 /* libPods-HostelApp-tvOS.a */,
				DED29041650E0BF33FA14E25 /* libPods-HostelApp-tvOSTests.a */,
				8518382294C46642AFCDABDB /* libPods-HostelAppTests.a */,
			);
			name = Frameworks;
			sourceTree = "<group>";
		};
		832341AE1AAA6A7D00B99B32 /* Libraries */ = {
			isa = PBXGroup;
			children = (
			);
			name = Libraries;
			sourceTree = "<group>";
		};
		83CBB9F61A601CBA00E9B192 = {
			isa = PBXGroup;
			children = (
				A23E10E424325FC00010D3D1 /* Fonts */,
				13B07FAE1A68108700A75B9A /* HostelApp */,
				832341AE1AAA6A7D00B99B32 /* Libraries */,
				00E356EF1AD99517003FC87E /* HostelAppTests */,
				83CBBA001A601CBA00E9B192 /* Products */,
				2D16E6871FA4F8E400B85C8A /* Frameworks */,
				BE5ABC086B37A48B91EB87F6 /* Pods */,
				9BB54597F486494BB1F9E9F0 /* Resources */,
			);
			indentWidth = 2;
			sourceTree = "<group>";
			tabWidth = 2;
			usesTabs = 0;
		};
		83CBBA001A601CBA00E9B192 /* Products */ = {
			isa = PBXGroup;
			children = (
				13B07F961A680F5B00A75B9A /* HostelApp.app */,
			);
			name = Products;
			sourceTree = "<group>";
		};
		9BB54597F486494BB1F9E9F0 /* Resources */ = {
			isa = PBXGroup;
			children = (
				D6A5387DE4C04091AE262209 /* AntDesign.ttf */,
				409227EFA2E640C2BC62E834 /* Entypo.ttf */,
				E760891A4FCE4835871FA9A1 /* EvilIcons.ttf */,
				E64B66759B0E4921843F84AC /* Feather.ttf */,
				5A366F890A3C46FF899BDC24 /* FontAwesome.ttf */,
				438A3BF039A74DA1BB5C7374 /* FontAwesome5_Brands.ttf */,
				7D5DAF0178854533A327A43D /* FontAwesome5_Regular.ttf */,
				95363120341D4FEB82E8A3F5 /* FontAwesome5_Solid.ttf */,
				1271A1E7A87D46138171BCF6 /* Fontisto.ttf */,
				C25FBA84A36448A581EF605A /* Foundation.ttf */,
				2B9917CD87124E57AC8A0B8E /* Ionicons.ttf */,
				AB65D528FD1A4757ABBE451D /* MaterialCommunityIcons.ttf */,
				2BEF6CE085C14CDD8D3920E8 /* MaterialIcons.ttf */,
				E93487C109114E449FA45986 /* Octicons.ttf */,
				DD744AADBC094223BCA009F3 /* Roboto_medium.ttf */,
				202E61D8839A43A888614534 /* Roboto.ttf */,
				E957289628384B6DA8F9321B /* rubicon-icon-font.ttf */,
				CBE829880F7841DD8CC4A58C /* SimpleLineIcons.ttf */,
				47A9F258B54A4BFE86B61B3B /* Zocial.ttf */,
			);
			name = Resources;
			sourceTree = "<group>";
		};
		A23E10E424325FC00010D3D1 /* Fonts */ = {
			isa = PBXGroup;
			children = (
				A23E10E524325FC00010D3D1 /* Fontisto.ttf */,
				A23E10E624325FC00010D3D1 /* Octicons.ttf */,
				A23E10E724325FC00010D3D1 /* Feather.ttf */,
				A23E10E824325FC00010D3D1 /* Entypo.ttf */,
				A23E10E924325FC00010D3D1 /* FontAwesome5_Brands.ttf */,
				A23E10EA24325FC00010D3D1 /* MaterialCommunityIcons.ttf */,
				A23E10EB24325FC00010D3D1 /* AntDesign.ttf */,
				A23E10EC24325FC00010D3D1 /* Foundation.ttf */,
				A23E10ED24325FC00010D3D1 /* Ionicons.ttf */,
				A23E10EE24325FC00010D3D1 /* FontAwesome5_Solid.ttf */,
				A23E10EF24325FC00010D3D1 /* FontAwesome5_Regular.ttf */,
				A23E10F024325FC00010D3D1 /* FontAwesome.ttf */,
				A23E10F124325FC00010D3D1 /* Zocial.ttf */,
				A23E10F224325FC10010D3D1 /* EvilIcons.ttf */,
				A23E10F324325FC10010D3D1 /* SimpleLineIcons.ttf */,
				A23E10F424325FC10010D3D1 /* MaterialIcons.ttf */,
			);
			name = Fonts;
			path = "../node_modules/react-native-vector-icons/Fonts";
			sourceTree = "<group>";
		};
		BE5ABC086B37A48B91EB87F6 /* Pods */ = {
			isa = PBXGroup;
			children = (
				FE29834A5672B4DC9E25DF8D /* Pods-HostelApp.debug.xcconfig */,
				D7CBE4C574C1133E6A0A3A14 /* Pods-HostelApp.release.xcconfig */,
				E48BA9E0E5F47476845B09DE /* Pods-HostelApp-tvOS.debug.xcconfig */,
				341E935BC06A373DD4FEB1CB /* Pods-HostelApp-tvOS.release.xcconfig */,
				9CB74DD464BFE178489B5433 /* Pods-HostelApp-tvOSTests.debug.xcconfig */,
				33A5E7F5D49D6F95887E7D06 /* Pods-HostelApp-tvOSTests.release.xcconfig */,
				EB6A86484A6B6C6503825EC6 /* Pods-HostelAppTests.debug.xcconfig */,
				A97A4E0557304ABC060C6391 /* Pods-HostelAppTests.release.xcconfig */,
			);
			path = Pods;
			sourceTree = "<group>";
		};
/* End PBXGroup section */

/* Begin PBXNativeTarget section */
		13B07F861A680F5B00A75B9A /* HostelApp */ = {
			isa = PBXNativeTarget;
			buildConfigurationList = 13B07F931A680F5B00A75B9A /* Build configuration list for PBXNativeTarget "HostelApp" */;
			buildPhases = (
				DCC5A059BEB1A44230A9B1D1 /* [CP] Check Pods Manifest.lock */,
				FD10A7F022414F080027D42C /* Start Packager */,
				13B07F871A680F5B00A75B9A /* Sources */,
				13B07F8C1A680F5B00A75B9A /* Frameworks */,
				13B07F8E1A680F5B00A75B9A /* Resources */,
				00DD1BFF1BD5951E006B06BC /* Bundle React Native code and images */,
			);
			buildRules = (
			);
			dependencies = (
			);
			name = HostelApp;
			productName = HostelApp;
			productReference = 13B07F961A680F5B00A75B9A /* HostelApp.app */;
			productType = "com.apple.product-type.application";
		};
/* End PBXNativeTarget section */

/* Begin PBXProject section */
		83CBB9F71A601CBA00E9B192 /* Project object */ = {
			isa = PBXProject;
			attributes = {
				LastUpgradeCheck = 940;
				ORGANIZATIONNAME = Facebook;
				TargetAttributes = {
					13B07F861A680F5B00A75B9A = {
						DevelopmentTeam = 8TSHZ8SJ45;
					};
				};
			};
			buildConfigurationList = 83CBB9FA1A601CBA00E9B192 /* Build configuration list for PBXProject "HostelApp" */;
			compatibilityVersion = "Xcode 3.2";
			developmentRegion = English;
			hasScannedForEncodings = 0;
			knownRegions = (
				English,
				en,
				Base,
			);
			mainGroup = 83CBB9F61A601CBA00E9B192;
			productRefGroup = 83CBBA001A601CBA00E9B192 /* Products */;
			projectDirPath = "";
			projectRoot = "";
			targets = (
				13B07F861A680F5B00A75B9A /* HostelApp */,
			);
		};
/* End PBXProject section */

/* Begin PBXResourcesBuildPhase section */
		13B07F8E1A680F5B00A75B9A /* Resources */ = {
			isa = PBXResourcesBuildPhase;
			buildActionMask = 2147483647;
			files = (
				A23E10F524325FC10010D3D1 /* Fontisto.ttf in Resources */,
				A23E110024325FC10010D3D1 /* FontAwesome.ttf in Resources */,
				A23E10FC24325FC10010D3D1 /* Foundation.ttf in Resources */,
				A23E10FF24325FC10010D3D1 /* FontAwesome5_Regular.ttf in Resources */,
				A23E10FD24325FC10010D3D1 /* Ionicons.ttf in Resources */,
				A23E110224325FC10010D3D1 /* EvilIcons.ttf in Resources */,
				A23E10F824325FC10010D3D1 /* Entypo.ttf in Resources */,
				13B07FBF1A68108700A75B9A /* Images.xcassets in Resources */,
				A23E110124325FC10010D3D1 /* Zocial.ttf in Resources */,
				A23E110324325FC10010D3D1 /* SimpleLineIcons.ttf in Resources */,
				A23E10F724325FC10010D3D1 /* Feather.ttf in Resources */,
				A23E10F624325FC10010D3D1 /* Octicons.ttf in Resources */,
				A23E10F924325FC10010D3D1 /* FontAwesome5_Brands.ttf in Resources */,
				A23E10FB24325FC10010D3D1 /* AntDesign.ttf in Resources */,
				A23E110424325FC10010D3D1 /* MaterialIcons.ttf in Resources */,
				A23E10FE24325FC10010D3D1 /* FontAwesome5_Solid.ttf in Resources */,
				A23E10FA24325FC10010D3D1 /* MaterialCommunityIcons.ttf in Resources */,
				13B07FBD1A68108700A75B9A /* LaunchScreen.xib in Resources */,
				C14C51D1A4954269974A88EE /* Roboto_medium.ttf in Resources */,
				A963ECA23CD94ADBA4A17594 /* Roboto.ttf in Resources */,
				1ACD10BF2A4A4ADE98CEA9D1 /* rubicon-icon-font.ttf in Resources */,
			);
			runOnlyForDeploymentPostprocessing = 0;
		};
/* End PBXResourcesBuildPhase section */

/* Begin PBXShellScriptBuildPhase section */
		00DD1BFF1BD5951E006B06BC /* Bundle React Native code and images */ = {
			isa = PBXShellScriptBuildPhase;
			buildActionMask = 2147483647;
			files = (
			);
			inputPaths = (
			);
			name = "Bundle React Native code and images";
			outputPaths = (
			);
			runOnlyForDeploymentPostprocessing = 0;
			shellPath = /bin/sh;
			shellScript = "export NODE_BINARY=node\n../node_modules/react-native/scripts/react-native-xcode.sh";
		};
		DCC5A059BEB1A44230A9B1D1 /* [CP] Check Pods Manifest.lock */ = {
			isa = PBXShellScriptBuildPhase;
			buildActionMask = 2147483647;
			files = (
			);
			inputFileListPaths = (
			);
			inputPaths = (
				"${PODS_PODFILE_DIR_PATH}/Podfile.lock",
				"${PODS_ROOT}/Manifest.lock",
			);
			name = "[CP] Check Pods Manifest.lock";
			outputFileListPaths = (
			);
			outputPaths = (
				"$(DERIVED_FILE_DIR)/Pods-HostelApp-checkManifestLockResult.txt",
			);
			runOnlyForDeploymentPostprocessing = 0;
			shellPath = /bin/sh;
			shellScript = "diff \"${PODS_PODFILE_DIR_PATH}/Podfile.lock\" \"${PODS_ROOT}/Manifest.lock\" > /dev/null\nif [ $? != 0 ] ; then\n    # print error to STDERR\n    echo \"error: The sandbox is not in sync with the Podfile.lock. Run 'pod install' or update your CocoaPods installation.\" >&2\n    exit 1\nfi\n# This output is used by Xcode 'outputs' to avoid re-running this script phase.\necho \"SUCCESS\" > \"${SCRIPT_OUTPUT_FILE_0}\"\n";
			showEnvVarsInLog = 0;
		};
		FD10A7F022414F080027D42C /* Start Packager */ = {
			isa = PBXShellScriptBuildPhase;
			buildActionMask = 2147483647;
			files = (
			);
			inputFileListPaths = (
			);
			inputPaths = (
			);
			name = "Start Packager";
			outputFileListPaths = (
			);
			outputPaths = (
			);
			runOnlyForDeploymentPostprocessing = 0;
			shellPath = /bin/sh;
			shellScript = "export RCT_METRO_PORT=\"${RCT_METRO_PORT:=8081}\"\necho \"export RCT_METRO_PORT=${RCT_METRO_PORT}\" > \"${SRCROOT}/../node_modules/react-native/scripts/.packager.env\"\nif [ -z \"${RCT_NO_LAUNCH_PACKAGER+xxx}\" ] ; then\n  if nc -w 5 -z localhost ${RCT_METRO_PORT} ; then\n    if ! curl -s \"http://localhost:${RCT_METRO_PORT}/status\" | grep -q \"packager-status:running\" ; then\n      echo \"Port ${RCT_METRO_PORT} already in use, packager is either not running or not running correctly\"\n      exit 2\n    fi\n  else\n    open \"$SRCROOT/../node_modules/react-native/scripts/launchPackager.command\" || echo \"Can't start packager automatically\"\n  fi\nfi\n";
			showEnvVarsInLog = 0;
		};
/* End PBXShellScriptBuildPhase section */

/* Begin PBXSourcesBuildPhase section */
		13B07F871A680F5B00A75B9A /* Sources */ = {
			isa = PBXSourcesBuildPhase;
			buildActionMask = 2147483647;
			files = (
				13B07FBC1A68108700A75B9A /* AppDelegate.m in Sources */,
				13B07FC11A68108700A75B9A /* main.m in Sources */,
			);
			runOnlyForDeploymentPostprocessing = 0;
		};
/* End PBXSourcesBuildPhase section */

/* Begin PBXVariantGroup section */
		13B07FB11A68108700A75B9A /* LaunchScreen.xib */ = {
			isa = PBXVariantGroup;
			children = (
				13B07FB21A68108700A75B9A /* Base */,
			);
			name = LaunchScreen.xib;
			path = HostelApp;
			sourceTree = "<group>";
		};
/* End PBXVariantGroup section */

/* Begin XCBuildConfiguration section */
		13B07F941A680F5B00A75B9A /* Debug */ = {
			isa = XCBuildConfiguration;
			baseConfigurationReference = FE29834A5672B4DC9E25DF8D /* Pods-HostelApp.debug.xcconfig */;
			buildSettings = {
				ASSETCATALOG_COMPILER_APPICON_NAME = AppIcon;
				"CODE_SIGN_IDENTITY[sdk=iphoneos*]" = "Apple Development";
				CURRENT_PROJECT_VERSION = 1;
				DEAD_CODE_STRIPPING = NO;
				DEVELOPMENT_TEAM = 8TSHZ8SJ45;
				INFOPLIST_FILE = HostelApp/Info.plist;
				LD_RUNPATH_SEARCH_PATHS = "$(inherited) @executable_path/Frameworks";
				OTHER_LDFLAGS = (
					"$(inherited)",
					"-ObjC",
					"-lc++",
				);
				PRODUCT_BUNDLE_IDENTIFIER = org.fillsoftware.socialAppNew;
				PRODUCT_NAME = HostelApp;
				VERSIONING_SYSTEM = "apple-generic";
			};
			name = Debug;
		};
		13B07F951A680F5B00A75B9A /* Release */ = {
			isa = XCBuildConfiguration;
			baseConfigurationReference = D7CBE4C574C1133E6A0A3A14 /* Pods-HostelApp.release.xcconfig */;
			buildSettings = {
				ASSETCATALOG_COMPILER_APPICON_NAME = AppIcon;
				CODE_SIGN_ENTITLEMENTS = HostelApp/HostelAppRelease.entitlements;
				CODE_SIGN_IDENTITY = "Apple Development";
				CODE_SIGN_STYLE = Automatic;
				CURRENT_PROJECT_VERSION = 1;
				DEVELOPMENT_TEAM = 8TSHZ8SJ45;
				INFOPLIST_FILE = HostelApp/Info.plist;
				LD_RUNPATH_SEARCH_PATHS = "$(inherited) @executable_path/Frameworks";
				OTHER_LDFLAGS = (
					"$(inherited)",
					"-ObjC",
					"-lc++",
				);
				PRODUCT_BUNDLE_IDENTIFIER = org.fillsoftware.socialAppNew;
				PRODUCT_NAME = HostelApp;
				PROVISIONING_PROFILE_SPECIFIER = "";
				VERSIONING_SYSTEM = "apple-generic";
			};
			name = Release;
		};
		83CBBA201A601CBA00E9B192 /* Debug */ = {
			isa = XCBuildConfiguration;
			buildSettings = {
				ALWAYS_SEARCH_USER_PATHS = NO;
				CLANG_CXX_LANGUAGE_STANDARD = "gnu++0x";
				CLANG_CXX_LIBRARY = "libc++";
				CLANG_ENABLE_MODULES = YES;
				CLANG_ENABLE_OBJC_ARC = YES;
				CLANG_WARN_BLOCK_CAPTURE_AUTORELEASING = YES;
				CLANG_WARN_BOOL_CONVERSION = YES;
				CLANG_WARN_COMMA = YES;
				CLANG_WARN_CONSTANT_CONVERSION = YES;
				CLANG_WARN_DEPRECATED_OBJC_IMPLEMENTATIONS = YES;
				CLANG_WARN_DIRECT_OBJC_ISA_USAGE = YES_ERROR;
				CLANG_WARN_EMPTY_BODY = YES;
				CLANG_WARN_ENUM_CONVERSION = YES;
				CLANG_WARN_INFINITE_RECURSION = YES;
				CLANG_WARN_INT_CONVERSION = YES;
				CLANG_WARN_NON_LITERAL_NULL_CONVERSION = YES;
				CLANG_WARN_OBJC_IMPLICIT_RETAIN_SELF = YES;
				CLANG_WARN_OBJC_LITERAL_CONVERSION = YES;
				CLANG_WARN_OBJC_ROOT_CLASS = YES_ERROR;
				CLANG_WARN_RANGE_LOOP_ANALYSIS = YES;
				CLANG_WARN_STRICT_PROTOTYPES = YES;
				CLANG_WARN_SUSPICIOUS_MOVE = YES;
				CLANG_WARN_UNREACHABLE_CODE = YES;
				CLANG_WARN__DUPLICATE_METHOD_MATCH = YES;
				"CODE_SIGN_IDENTITY[sdk=iphoneos*]" = "iPhone Developer";
				COPY_PHASE_STRIP = NO;
				ENABLE_STRICT_OBJC_MSGSEND = YES;
				ENABLE_TESTABILITY = YES;
				GCC_C_LANGUAGE_STANDARD = gnu99;
				GCC_DYNAMIC_NO_PIC = NO;
				GCC_NO_COMMON_BLOCKS = YES;
				GCC_OPTIMIZATION_LEVEL = 0;
				GCC_PREPROCESSOR_DEFINITIONS = (
					"DEBUG=1",
					"$(inherited)",
				);
				GCC_SYMBOLS_PRIVATE_EXTERN = NO;
				GCC_WARN_64_TO_32_BIT_CONVERSION = YES;
				GCC_WARN_ABOUT_RETURN_TYPE = YES_ERROR;
				GCC_WARN_UNDECLARED_SELECTOR = YES;
				GCC_WARN_UNINITIALIZED_AUTOS = YES_AGGRESSIVE;
				GCC_WARN_UNUSED_FUNCTION = YES;
				GCC_WARN_UNUSED_VARIABLE = YES;
				IPHONEOS_DEPLOYMENT_TARGET = 9.0;
				MTL_ENABLE_DEBUG_INFO = YES;
				ONLY_ACTIVE_ARCH = YES;
				SDKROOT = iphoneos;
			};
			name = Debug;
		};
		83CBBA211A601CBA00E9B192 /* Release */ = {
			isa = XCBuildConfiguration;
			buildSettings = {
				ALWAYS_SEARCH_USER_PATHS = NO;
				CLANG_CXX_LANGUAGE_STANDARD = "gnu++0x";
				CLANG_CXX_LIBRARY = "libc++";
				CLANG_ENABLE_MODULES = YES;
				CLANG_ENABLE_OBJC_ARC = YES;
				CLANG_WARN_BLOCK_CAPTURE_AUTORELEASING = YES;
				CLANG_WARN_BOOL_CONVERSION = YES;
				CLANG_WARN_COMMA = YES;
				CLANG_WARN_CONSTANT_CONVERSION = YES;
				CLANG_WARN_DEPRECATED_OBJC_IMPLEMENTATIONS = YES;
				CLANG_WARN_DIRECT_OBJC_ISA_USAGE = YES_ERROR;
				CLANG_WARN_EMPTY_BODY = YES;
				CLANG_WARN_ENUM_CONVERSION = YES;
				CLANG_WARN_INFINITE_RECURSION = YES;
				CLANG_WARN_INT_CONVERSION = YES;
				CLANG_WARN_NON_LITERAL_NULL_CONVERSION = YES;
				CLANG_WARN_OBJC_IMPLICIT_RETAIN_SELF = YES;
				CLANG_WARN_OBJC_LITERAL_CONVERSION = YES;
				CLANG_WARN_OBJC_ROOT_CLASS = YES_ERROR;
				CLANG_WARN_RANGE_LOOP_ANALYSIS = YES;
				CLANG_WARN_STRICT_PROTOTYPES = YES;
				CLANG_WARN_SUSPICIOUS_MOVE = YES;
				CLANG_WARN_UNREACHABLE_CODE = YES;
				CLANG_WARN__DUPLICATE_METHOD_MATCH = YES;
				"CODE_SIGN_IDENTITY[sdk=iphoneos*]" = "iPhone Developer";
				COPY_PHASE_STRIP = YES;
				ENABLE_NS_ASSERTIONS = NO;
				ENABLE_STRICT_OBJC_MSGSEND = YES;
				GCC_C_LANGUAGE_STANDARD = gnu99;
				GCC_NO_COMMON_BLOCKS = YES;
				GCC_WARN_64_TO_32_BIT_CONVERSION = YES;
				GCC_WARN_ABOUT_RETURN_TYPE = YES_ERROR;
				GCC_WARN_UNDECLARED_SELECTOR = YES;
				GCC_WARN_UNINITIALIZED_AUTOS = YES_AGGRESSIVE;
				GCC_WARN_UNUSED_FUNCTION = YES;
				GCC_WARN_UNUSED_VARIABLE = YES;
				IPHONEOS_DEPLOYMENT_TARGET = 9.0;
				MTL_ENABLE_DEBUG_INFO = NO;
				SDKROOT = iphoneos;
				VALIDATE_PRODUCT = YES;
			};
			name = Release;
		};
/* End XCBuildConfiguration section */

/* Begin XCConfigurationList section */
		13B07F931A680F5B00A75B9A /* Build configuration list for PBXNativeTarget "HostelApp" */ = {
			isa = XCConfigurationList;
			buildConfigurations = (
				13B07F941A680F5B00A75B9A /* Debug */,
				13B07F951A680F5B00A75B9A /* Release */,
			);
			defaultConfigurationIsVisible = 0;
			defaultConfigurationName = Release;
		};
		83CBB9FA1A601CBA00E9B192 /* Build configuration list for PBXProject "HostelApp" */ = {
			isa = XCConfigurationList;
			buildConfigurations = (
				83CBBA201A601CBA00E9B192 /* Debug */,
				83CBBA211A601CBA00E9B192 /* Release */,
			);
			defaultConfigurationIsVisible = 0;
			defaultConfigurationName = Release;
		};
/* End XCConfigurationList section */
	};
	rootObject = 83CBB9F71A601CBA00E9B192 /* Project object */;
}
